
Microsoft Visual Studio Solution File, Format Version 12.00
# Visual Studio Version 16
VisualStudioVersion = 16.0.30413.136
MinimumVisualStudioVersion = 10.0.40219.1
Project("{FAE04EC0-301F-11D3-BF4B-00C04F79EFBC}") = "Phrase", "Phrase\Phrase.csproj", "{924414D2-F4BB-4FE9-B846-500276D3A34E}"
EndProject
Global
	GlobalSection(SolutionConfigurationPlatforms) = preSolution
		Debug|Any CPU = Debug|Any CPU
		Release|Any CPU = Release|Any CPU
	EndGlobalSection
	GlobalSection(ProjectConfigurationPlatforms) = postSolution
		{924414D2-F4BB-4FE9-B846-500276D3A34E}.Debug|Any CPU.ActiveCfg = Debug|Any CPU
		{924414D2-F4BB-4FE9-B846-500276D3A34E}.Debug|Any CPU.Build.0 = Debug|Any CPU
		{924414D2-F4BB-4FE9-B846-500276D3A34E}.Release|Any CPU.ActiveCfg = Release|Any CPU
		{924414D2-F4BB-4FE9-B846-500276D3A34E}.Release|Any CPU.Build.0 = Release|Any CPU
	EndGlobalSection
	GlobalSection(SolutionProperties) = preSolution
		HideSolutionNode = FALSE
	EndGlobalSection
	GlobalSection(ExtensibilityGlobals) = postSolution
		SolutionGuid = {4E930E3E-683E-4241-9AA0-F963C2E108D5}
	EndGlobalSection
EndGlobal
