
Microsoft Visual Studio Solution File, Format Version 12.00
# Visual Studio Version 16
VisualStudioVersion = 16.0.30413.136
MinimumVisualStudioVersion = 10.0.40219.1
Project("{FAE04EC0-301F-11D3-BF4B-00C04F79EFBC}") = "ConsoleAppAwesome", "ConsoleAppAwesome\ConsoleAppAwesome.csproj", "{AC8C1F0F-E943-4C5E-BD92-55E9FE27A98D}"
EndProject
Global
	GlobalSection(SolutionConfigurationPlatforms) = preSolution
		Debug|Any CPU = Debug|Any CPU
		Release|Any CPU = Release|Any CPU
	EndGlobalSection
	GlobalSection(ProjectConfigurationPlatforms) = postSolution
		{AC8C1F0F-E943-4C5E-BD92-55E9FE27A98D}.Debug|Any CPU.ActiveCfg = Debug|Any CPU
		{AC8C1F0F-E943-4C5E-BD92-55E9FE27A98D}.Debug|Any CPU.Build.0 = Debug|Any CPU
		{AC8C1F0F-E943-4C5E-BD92-55E9FE27A98D}.Release|Any CPU.ActiveCfg = Release|Any CPU
		{AC8C1F0F-E943-4C5E-BD92-55E9FE27A98D}.Release|Any CPU.Build.0 = Release|Any CPU
	EndGlobalSection
	GlobalSection(SolutionProperties) = preSolution
		HideSolutionNode = FALSE
	EndGlobalSection
	GlobalSection(ExtensibilityGlobals) = postSolution
		SolutionGuid = {5C5621CC-1407-459C-A6F0-105D650670E8}
	EndGlobalSection
EndGlobal
